
Microsoft Visual Studio Solution File, Format Version 12.00
# Visual Studio Version 16
VisualStudioVersion = 16.0.32901.82
MinimumVisualStudioVersion = 10.0.40219.1
Project("{FAE04EC0-301F-11D3-BF4B-00C04F79EFBC}") = "LabWork8 ex1", "LabWork8 ex1\LabWork8 ex1.csproj", "{23725DE9-35BD-4668-89A8-05B5C3E903CC}"
EndProject
Global
	GlobalSection(SolutionConfigurationPlatforms) = preSolution
		Debug|Any CPU = Debug|Any CPU
		Release|Any CPU = Release|Any CPU
	EndGlobalSection
	GlobalSection(ProjectConfigurationPlatforms) = postSolution
		{23725DE9-35BD-4668-89A8-05B5C3E903CC}.Debug|Any CPU.ActiveCfg = Debug|Any CPU
		{23725DE9-35BD-4668-89A8-05B5C3E903CC}.Debug|Any CPU.Build.0 = Debug|Any CPU
		{23725DE9-35BD-4668-89A8-05B5C3E903CC}.Release|Any CPU.ActiveCfg = Release|Any CPU
		{23725DE9-35BD-4668-89A8-05B5C3E903CC}.Release|Any CPU.Build.0 = Release|Any CPU
	EndGlobalSection
	GlobalSection(SolutionProperties) = preSolution
		HideSolutionNode = FALSE
	EndGlobalSection
	GlobalSection(ExtensibilityGlobals) = postSolution
		SolutionGuid = {CF13A905-54B6-48CF-BDED-9E9E94F6D5BD}
	EndGlobalSection
EndGlobal
